// !$*UTF8*$!
{
	archiveVersion = 1;
	classes = {
	};
	objectVersion = 46;
	objects = {

/* Begin PBXBuildFile section */
		3CCDAC651B3B341C00400C1F /* EditTrainingTableViewController.swift in Sources */ = {isa = PBXBuildFile; fileRef = 3CCDAC641B3B341C00400C1F /* EditTrainingTableViewController.swift */; };
		3CCDAC8A1B3B4A5800400C1F /* Copier.swift in Sources */ = {isa = PBXBuildFile; fileRef = 3CCDAC861B3B4A5800400C1F /* Copier.swift */; };
		3CCDAC8B1B3B4A5800400C1F /* Exercise.swift in Sources */ = {isa = PBXBuildFile; fileRef = 3CCDAC871B3B4A5800400C1F /* Exercise.swift */; };
		3CCDAC8C1B3B4A5800400C1F /* Training.swift in Sources */ = {isa = PBXBuildFile; fileRef = 3CCDAC881B3B4A5800400C1F /* Training.swift */; };
		3CCDAC8D1B3B4A5800400C1F /* UIStoryboard+Extensions.swift in Sources */ = {isa = PBXBuildFile; fileRef = 3CCDAC891B3B4A5800400C1F /* UIStoryboard+Extensions.swift */; };
		3CD8D8371B3AFBDB003AC334 /* Images.xcassets in Resources */ = {isa = PBXBuildFile; fileRef = 3CD8D8361B3AFBDB003AC334 /* Images.xcassets */; };
		3CD8D83A1B3AFBDB003AC334 /* LaunchScreen.xib in Resources */ = {isa = PBXBuildFile; fileRef = 3CD8D8381B3AFBDB003AC334 /* LaunchScreen.xib */; };
		3CD8D86D1B3B2954003AC334 /* HealthKit.framework in Frameworks */ = {isa = PBXBuildFile; fileRef = 3CD8D86C1B3B2954003AC334 /* HealthKit.framework */; };
		3CD8D86F1B3B295B003AC334 /* AudioToolbox.framework in Frameworks */ = {isa = PBXBuildFile; fileRef = 3CD8D86E1B3B295B003AC334 /* AudioToolbox.framework */; };
		3CD8D8731B3B299B003AC334 /* Main.storyboard in Resources */ = {isa = PBXBuildFile; fileRef = 3CD8D8711B3B299B003AC334 /* Main.storyboard */; };
		3CD8D8781B3B2A57003AC334 /* Localizable.strings in Resources */ = {isa = PBXBuildFile; fileRef = 3CD8D87A1B3B2A57003AC334 /* Localizable.strings */; };
		3CD8D87D1B3B2ABE003AC334 /* AppDelegate.swift in Sources */ = {isa = PBXBuildFile; fileRef = 3CD8D87C1B3B2ABE003AC334 /* AppDelegate.swift */; };
		3CD8D87F1B3B2D4B003AC334 /* TrainingsTableViewController.swift in Sources */ = {isa = PBXBuildFile; fileRef = 3CD8D87E1B3B2D4B003AC334 /* TrainingsTableViewController.swift */; };
		3CD8D8811B3B2E2A003AC334 /* ExerciseTimerView.swift in Sources */ = {isa = PBXBuildFile; fileRef = 3CD8D8801B3B2E2A003AC334 /* ExerciseTimerView.swift */; };
		3CD8D8851B3B2E37003AC334 /* ExerciseNavigationController.swift in Sources */ = {isa = PBXBuildFile; fileRef = 3CD8D8821B3B2E37003AC334 /* ExerciseNavigationController.swift */; };
		3CD8D8861B3B2E37003AC334 /* ExercisePrepareViewController.swift in Sources */ = {isa = PBXBuildFile; fileRef = 3CD8D8831B3B2E37003AC334 /* ExercisePrepareViewController.swift */; };
		3CD8D8871B3B2E37003AC334 /* ExerciseWarmupViewController.swift in Sources */ = {isa = PBXBuildFile; fileRef = 3CD8D8841B3B2E37003AC334 /* ExerciseWarmupViewController.swift */; };
/* End PBXBuildFile section */

/* Begin PBXFileReference section */
		3CCDAC641B3B341C00400C1F /* EditTrainingTableViewController.swift */ = {isa = PBXFileReference; fileEncoding = 4; lastKnownFileType = sourcecode.swift; name = EditTrainingTableViewController.swift; path = ViewControllers/EditTrainingTableViewController.swift; sourceTree = "<group>"; };
		3CCDAC701B3B3B7C00400C1F /* de */ = {isa = PBXFileReference; lastKnownFileType = text.plist.strings; name = de; path = de.lproj/Localizable.strings; sourceTree = "<group>"; };
		3CCDAC861B3B4A5800400C1F /* Copier.swift */ = {isa = PBXFileReference; fileEncoding = 4; lastKnownFileType = sourcecode.swift; name = Copier.swift; path = Core/Copier.swift; sourceTree = "<group>"; };
		3CCDAC871B3B4A5800400C1F /* Exercise.swift */ = {isa = PBXFileReference; fileEncoding = 4; lastKnownFileType = sourcecode.swift; name = Exercise.swift; path = Core/Exercise.swift; sourceTree = "<group>"; };
		3CCDAC881B3B4A5800400C1F /* Training.swift */ = {isa = PBXFileReference; fileEncoding = 4; lastKnownFileType = sourcecode.swift; name = Training.swift; path = Core/Training.swift; sourceTree = "<group>"; };
		3CCDAC891B3B4A5800400C1F /* UIStoryboard+Extensions.swift */ = {isa = PBXFileReference; fileEncoding = 4; lastKnownFileType = sourcecode.swift; name = "UIStoryboard+Extensions.swift"; path = "Core/UIStoryboard+Extensions.swift"; sourceTree = "<group>"; };
		3CD8D82A1B3AFBDB003AC334 /* Fitness.app */ = {isa = PBXFileReference; explicitFileType = wrapper.application; includeInIndex = 0; path = Fitness.app; sourceTree = BUILT_PRODUCTS_DIR; };
		3CD8D82E1B3AFBDB003AC334 /* Info.plist */ = {isa = PBXFileReference; lastKnownFileType = text.plist.xml; path = Info.plist; sourceTree = "<group>"; };
		3CD8D8361B3AFBDB003AC334 /* Images.xcassets */ = {isa = PBXFileReference; lastKnownFileType = folder.assetcatalog; path = Images.xcassets; sourceTree = "<group>"; };
		3CD8D8391B3AFBDB003AC334 /* Base */ = {isa = PBXFileReference; lastKnownFileType = file.xib; name = Base; path = Base.lproj/LaunchScreen.xib; sourceTree = "<group>"; };
		3CD8D86B1B3B2954003AC334 /* Fitness.entitlements */ = {isa = PBXFileReference; lastKnownFileType = text.xml; path = Fitness.entitlements; sourceTree = "<group>"; };
		3CD8D86C1B3B2954003AC334 /* HealthKit.framework */ = {isa = PBXFileReference; lastKnownFileType = wrapper.framework; name = HealthKit.framework; path = System/Library/Frameworks/HealthKit.framework; sourceTree = SDKROOT; };
		3CD8D86E1B3B295B003AC334 /* AudioToolbox.framework */ = {isa = PBXFileReference; lastKnownFileType = wrapper.framework; name = AudioToolbox.framework; path = System/Library/Frameworks/AudioToolbox.framework; sourceTree = SDKROOT; };
		3CD8D8721B3B299B003AC334 /* Base */ = {isa = PBXFileReference; lastKnownFileType = file.storyboard; name = Base; path = Base.lproj/Main.storyboard; sourceTree = "<group>"; };
		3CD8D8741B3B29EC003AC334 /* de */ = {isa = PBXFileReference; lastKnownFileType = text.plist.strings; name = de; path = de.lproj/Main.strings; sourceTree = "<group>"; };
		3CD8D8751B3B29EC003AC334 /* de */ = {isa = PBXFileReference; lastKnownFileType = text.plist.strings; name = de; path = de.lproj/LaunchScreen.strings; sourceTree = "<group>"; };
		3CD8D8791B3B2A57003AC334 /* Base */ = {isa = PBXFileReference; lastKnownFileType = text.plist.strings; name = Base; path = Base.lproj/Localizable.strings; sourceTree = "<group>"; };
		3CD8D87C1B3B2ABE003AC334 /* AppDelegate.swift */ = {isa = PBXFileReference; fileEncoding = 4; lastKnownFileType = sourcecode.swift; name = AppDelegate.swift; path = Core/AppDelegate.swift; sourceTree = "<group>"; };
		3CD8D87E1B3B2D4B003AC334 /* TrainingsTableViewController.swift */ = {isa = PBXFileReference; fileEncoding = 4; lastKnownFileType = sourcecode.swift; name = TrainingsTableViewController.swift; path = ViewControllers/TrainingsTableViewController.swift; sourceTree = "<group>"; };
		3CD8D8801B3B2E2A003AC334 /* ExerciseTimerView.swift */ = {isa = PBXFileReference; fileEncoding = 4; lastKnownFileType = sourcecode.swift; name = ExerciseTimerView.swift; path = Views/ExerciseTimerView.swift; sourceTree = "<group>"; };
		3CD8D8821B3B2E37003AC334 /* ExerciseNavigationController.swift */ = {isa = PBXFileReference; fileEncoding = 4; lastKnownFileType = sourcecode.swift; name = ExerciseNavigationController.swift; path = ViewControllers/ExerciseNavigationController.swift; sourceTree = "<group>"; };
		3CD8D8831B3B2E37003AC334 /* ExercisePrepareViewController.swift */ = {isa = PBXFileReference; fileEncoding = 4; lastKnownFileType = sourcecode.swift; name = ExercisePrepareViewController.swift; path = ViewControllers/ExercisePrepareViewController.swift; sourceTree = "<group>"; };
		3CD8D8841B3B2E37003AC334 /* ExerciseWarmupViewController.swift */ = {isa = PBXFileReference; fileEncoding = 4; lastKnownFileType = sourcecode.swift; name = ExerciseWarmupViewController.swift; path = ViewControllers/ExerciseWarmupViewController.swift; sourceTree = "<group>"; };
/* End PBXFileReference section */

/* Begin PBXFrameworksBuildPhase section */
		3CD8D8271B3AFBDB003AC334 /* Frameworks */ = {
			isa = PBXFrameworksBuildPhase;
			buildActionMask = 2147483647;
			files = (
				3CD8D86D1B3B2954003AC334 /* HealthKit.framework in Frameworks */,
				3CD8D86F1B3B295B003AC334 /* AudioToolbox.framework in Frameworks */,
			);
			runOnlyForDeploymentPostprocessing = 0;
		};
/* End PBXFrameworksBuildPhase section */

/* Begin PBXGroup section */
		3CD8D8211B3AFBDB003AC334 = {
			isa = PBXGroup;
			children = (
				3CD8D86E1B3B295B003AC334 /* AudioToolbox.framework */,
				3CD8D86C1B3B2954003AC334 /* HealthKit.framework */,
				3CD8D82C1B3AFBDB003AC334 /* Fitness */,
				3CD8D82B1B3AFBDB003AC334 /* Products */,
			);
			sourceTree = "<group>";
		};
		3CD8D82B1B3AFBDB003AC334 /* Products */ = {
			isa = PBXGroup;
			children = (
				3CD8D82A1B3AFBDB003AC334 /* Fitness.app */,
			);
			name = Products;
			sourceTree = "<group>";
		};
		3CD8D82C1B3AFBDB003AC334 /* Fitness */ = {
			isa = PBXGroup;
			children = (
				3CD8D87B1B3B2A84003AC334 /* Core */,
				3CD8D86B1B3B2954003AC334 /* Fitness.entitlements */,
				3CD8D8701B3B298D003AC334 /* Storyboards */,
				3CD8D85E1B3B28CB003AC334 /* Views */,
				3CD8D85D1B3B28BF003AC334 /* ViewControllers */,
				3CD8D82D1B3AFBDB003AC334 /* Supporting Files */,
			);
			path = Fitness;
			sourceTree = "<group>";
		};
		3CD8D82D1B3AFBDB003AC334 /* Supporting Files */ = {
			isa = PBXGroup;
			children = (
				3CD8D87A1B3B2A57003AC334 /* Localizable.strings */,
				3CD8D8361B3AFBDB003AC334 /* Images.xcassets */,
				3CD8D82E1B3AFBDB003AC334 /* Info.plist */,
			);
			name = "Supporting Files";
			sourceTree = "<group>";
		};
		3CD8D85D1B3B28BF003AC334 /* ViewControllers */ = {
			isa = PBXGroup;
			children = (
				3CD8D8821B3B2E37003AC334 /* ExerciseNavigationController.swift */,
				3CD8D8831B3B2E37003AC334 /* ExercisePrepareViewController.swift */,
				3CD8D8841B3B2E37003AC334 /* ExerciseWarmupViewController.swift */,
				3CD8D87E1B3B2D4B003AC334 /* TrainingsTableViewController.swift */,
				3CCDAC641B3B341C00400C1F /* EditTrainingTableViewController.swift */,
			);
			name = ViewControllers;
			sourceTree = "<group>";
		};
		3CD8D85E1B3B28CB003AC334 /* Views */ = {
			isa = PBXGroup;
			children = (
				3CD8D8801B3B2E2A003AC334 /* ExerciseTimerView.swift */,
			);
			name = Views;
			sourceTree = "<group>";
		};
		3CD8D8701B3B298D003AC334 /* Storyboards */ = {
			isa = PBXGroup;
			children = (
				3CD8D8711B3B299B003AC334 /* Main.storyboard */,
				3CD8D8381B3AFBDB003AC334 /* LaunchScreen.xib */,
			);
			name = Storyboards;
			sourceTree = "<group>";
		};
		3CD8D87B1B3B2A84003AC334 /* Core */ = {
			isa = PBXGroup;
			children = (
				3CCDAC861B3B4A5800400C1F /* Copier.swift */,
				3CCDAC871B3B4A5800400C1F /* Exercise.swift */,
				3CCDAC881B3B4A5800400C1F /* Training.swift */,
				3CCDAC891B3B4A5800400C1F /* UIStoryboard+Extensions.swift */,
				3CD8D87C1B3B2ABE003AC334 /* AppDelegate.swift */,
			);
			name = Core;
			sourceTree = "<group>";
		};
/* End PBXGroup section */

/* Begin PBXNativeTarget section */
		3CD8D8291B3AFBDB003AC334 /* Fitness */ = {
			isa = PBXNativeTarget;
			buildConfigurationList = 3CD8D8491B3AFBDB003AC334 /* Build configuration list for PBXNativeTarget "Fitness" */;
			buildPhases = (
				3CD8D8261B3AFBDB003AC334 /* Sources */,
				3CD8D8271B3AFBDB003AC334 /* Frameworks */,
				3CD8D8281B3AFBDB003AC334 /* Resources */,
			);
			buildRules = (
			);
			dependencies = (
			);
			name = Fitness;
			productName = Fitness;
			productReference = 3CD8D82A1B3AFBDB003AC334 /* Fitness.app */;
			productType = "com.apple.product-type.application";
		};
/* End PBXNativeTarget section */

/* Begin PBXProject section */
		3CD8D8221B3AFBDB003AC334 /* Project object */ = {
			isa = PBXProject;
			attributes = {
				LastUpgradeCheck = 0630;
				ORGANIZATIONNAME = mani1337;
				TargetAttributes = {
					3CD8D8291B3AFBDB003AC334 = {
						CreatedOnToolsVersion = 6.3.2;
						DevelopmentTeam = PZP46GS9KE;
						SystemCapabilities = {
							com.apple.BackgroundModes = {
								enabled = 1;
							};
							com.apple.HealthKit = {
								enabled = 1;
							};
							com.apple.InterAppAudio = {
								enabled = 1;
							};
						};
					};
				};
			};
			buildConfigurationList = 3CD8D8251B3AFBDB003AC334 /* Build configuration list for PBXProject "Fitness" */;
			compatibilityVersion = "Xcode 3.2";
			developmentRegion = English;
			hasScannedForEncodings = 0;
			knownRegions = (
				en,
				Base,
				de,
			);
			mainGroup = 3CD8D8211B3AFBDB003AC334;
			productRefGroup = 3CD8D82B1B3AFBDB003AC334 /* Products */;
			projectDirPath = "";
			projectRoot = "";
			targets = (
				3CD8D8291B3AFBDB003AC334 /* Fitness */,
			);
		};
/* End PBXProject section */

/* Begin PBXResourcesBuildPhase section */
		3CD8D8281B3AFBDB003AC334 /* Resources */ = {
			isa = PBXResourcesBuildPhase;
			buildActionMask = 2147483647;
			files = (
				3CD8D8731B3B299B003AC334 /* Main.storyboard in Resources */,
				3CD8D8781B3B2A57003AC334 /* Localizable.strings in Resources */,
				3CD8D83A1B3AFBDB003AC334 /* LaunchScreen.xib in Resources */,
				3CD8D8371B3AFBDB003AC334 /* Images.xcassets in Resources */,
			);
			runOnlyForDeploymentPostprocessing = 0;
		};
/* End PBXResourcesBuildPhase section */

/* Begin PBXSourcesBuildPhase section */
		3CD8D8261B3AFBDB003AC334 /* Sources */ = {
			isa = PBXSourcesBuildPhase;
			buildActionMask = 2147483647;
			files = (
				3CD8D87D1B3B2ABE003AC334 /* AppDelegate.swift in Sources */,
				3CCDAC8A1B3B4A5800400C1F /* Copier.swift in Sources */,
				3CD8D8851B3B2E37003AC334 /* ExerciseNavigationController.swift in Sources */,
				3CD8D8871B3B2E37003AC334 /* ExerciseWarmupViewController.swift in Sources */,
				3CD8D8811B3B2E2A003AC334 /* ExerciseTimerView.swift in Sources */,
				3CCDAC651B3B341C00400C1F /* EditTrainingTableViewController.swift in Sources */,
				3CD8D8861B3B2E37003AC334 /* ExercisePrepareViewController.swift in Sources */,
				3CD8D87F1B3B2D4B003AC334 /* TrainingsTableViewController.swift in Sources */,
				3CCDAC8B1B3B4A5800400C1F /* Exercise.swift in Sources */,
				3CCDAC8D1B3B4A5800400C1F /* UIStoryboard+Extensions.swift in Sources */,
				3CCDAC8C1B3B4A5800400C1F /* Training.swift in Sources */,
			);
			runOnlyForDeploymentPostprocessing = 0;
		};
/* End PBXSourcesBuildPhase section */

/* Begin PBXVariantGroup section */
		3CD8D8381B3AFBDB003AC334 /* LaunchScreen.xib */ = {
			isa = PBXVariantGroup;
			children = (
				3CD8D8391B3AFBDB003AC334 /* Base */,
				3CD8D8751B3B29EC003AC334 /* de */,
			);
			name = LaunchScreen.xib;
			sourceTree = "<group>";
		};
		3CD8D8711B3B299B003AC334 /* Main.storyboard */ = {
			isa = PBXVariantGroup;
			children = (
				3CD8D8721B3B299B003AC334 /* Base */,
				3CD8D8741B3B29EC003AC334 /* de */,
			);
			name = Main.storyboard;
			sourceTree = "<group>";
		};
		3CD8D87A1B3B2A57003AC334 /* Localizable.strings */ = {
			isa = PBXVariantGroup;
			children = (
				3CD8D8791B3B2A57003AC334 /* Base */,
				3CCDAC701B3B3B7C00400C1F /* de */,
			);
			name = Localizable.strings;
			sourceTree = "<group>";
		};
/* End PBXVariantGroup section */

/* Begin XCBuildConfiguration section */
		3CD8D8471B3AFBDB003AC334 /* Debug */ = {
			isa = XCBuildConfiguration;
			buildSettings = {
				ALWAYS_SEARCH_USER_PATHS = NO;
				CLANG_CXX_LANGUAGE_STANDARD = "gnu++0x";
				CLANG_CXX_LIBRARY = "libc++";
				CLANG_ENABLE_MODULES = YES;
				CLANG_ENABLE_OBJC_ARC = YES;
				CLANG_WARN_BOOL_CONVERSION = YES;
				CLANG_WARN_CONSTANT_CONVERSION = YES;
				CLANG_WARN_DIRECT_OBJC_ISA_USAGE = YES_ERROR;
				CLANG_WARN_EMPTY_BODY = YES;
				CLANG_WARN_ENUM_CONVERSION = YES;
				CLANG_WARN_INT_CONVERSION = YES;
				CLANG_WARN_OBJC_ROOT_CLASS = YES_ERROR;
				CLANG_WARN_UNREACHABLE_CODE = YES;
				CLANG_WARN__DUPLICATE_METHOD_MATCH = YES;
				"CODE_SIGN_IDENTITY[sdk=iphoneos*]" = "iPhone Developer";
				COPY_PHASE_STRIP = NO;
				DEBUG_INFORMATION_FORMAT = "dwarf-with-dsym";
				ENABLE_STRICT_OBJC_MSGSEND = YES;
				GCC_C_LANGUAGE_STANDARD = gnu99;
				GCC_DYNAMIC_NO_PIC = NO;
				GCC_NO_COMMON_BLOCKS = YES;
				GCC_OPTIMIZATION_LEVEL = 0;
				GCC_PREPROCESSOR_DEFINITIONS = (
					"DEBUG=1",
					"$(inherited)",
				);
				GCC_SYMBOLS_PRIVATE_EXTERN = NO;
				GCC_WARN_64_TO_32_BIT_CONVERSION = YES;
				GCC_WARN_ABOUT_RETURN_TYPE = YES_ERROR;
				GCC_WARN_UNDECLARED_SELECTOR = YES;
				GCC_WARN_UNINITIALIZED_AUTOS = YES_AGGRESSIVE;
				GCC_WARN_UNUSED_FUNCTION = YES;
				GCC_WARN_UNUSED_VARIABLE = YES;
				IPHONEOS_DEPLOYMENT_TARGET = 8.3;
				MTL_ENABLE_DEBUG_INFO = YES;
				ONLY_ACTIVE_ARCH = YES;
				SDKROOT = iphoneos;
				SWIFT_OPTIMIZATION_LEVEL = "-Onone";
				TARGETED_DEVICE_FAMILY = "1,2";
			};
			name = Debug;
		};
		3CD8D8481B3AFBDB003AC334 /* Release */ = {
			isa = XCBuildConfiguration;
			buildSettings = {
				ALWAYS_SEARCH_USER_PATHS = NO;
				CLANG_CXX_LANGUAGE_STANDARD = "gnu++0x";
				CLANG_CXX_LIBRARY = "libc++";
				CLANG_ENABLE_MODULES = YES;
				CLANG_ENABLE_OBJC_ARC = YES;
				CLANG_WARN_BOOL_CONVERSION = YES;
				CLANG_WARN_CONSTANT_CONVERSION = YES;
				CLANG_WARN_DIRECT_OBJC_ISA_USAGE = YES_ERROR;
				CLANG_WARN_EMPTY_BODY = YES;
				CLANG_WARN_ENUM_CONVERSION = YES;
				CLANG_WARN_INT_CONVERSION = YES;
				CLANG_WARN_OBJC_ROOT_CLASS = YES_ERROR;
				CLANG_WARN_UNREACHABLE_CODE = YES;
				CLANG_WARN__DUPLICATE_METHOD_MATCH = YES;
				"CODE_SIGN_IDENTITY[sdk=iphoneos*]" = "iPhone Developer";
				COPY_PHASE_STRIP = NO;
				DEBUG_INFORMATION_FORMAT = "dwarf-with-dsym";
				ENABLE_NS_ASSERTIONS = NO;
				ENABLE_STRICT_OBJC_MSGSEND = YES;
				GCC_C_LANGUAGE_STANDARD = gnu99;
				GCC_NO_COMMON_BLOCKS = YES;
				GCC_WARN_64_TO_32_BIT_CONVERSION = YES;
				GCC_WARN_ABOUT_RETURN_TYPE = YES_ERROR;
				GCC_WARN_UNDECLARED_SELECTOR = YES;
				GCC_WARN_UNINITIALIZED_AUTOS = YES_AGGRESSIVE;
				GCC_WARN_UNUSED_FUNCTION = YES;
				GCC_WARN_UNUSED_VARIABLE = YES;
				IPHONEOS_DEPLOYMENT_TARGET = 8.3;
				MTL_ENABLE_DEBUG_INFO = NO;
				SDKROOT = iphoneos;
				TARGETED_DEVICE_FAMILY = "1,2";
				VALIDATE_PRODUCT = YES;
			};
			name = Release;
		};
		3CD8D84A1B3AFBDB003AC334 /* Debug */ = {
			isa = XCBuildConfiguration;
			buildSettings = {
				ASSETCATALOG_COMPILER_APPICON_NAME = AppIcon;
				CODE_SIGN_ENTITLEMENTS = Fitness/Fitness.entitlements;
				INFOPLIST_FILE = Fitness/Info.plist;
				LD_RUNPATH_SEARCH_PATHS = "$(inherited) @executable_path/Frameworks";
				PRODUCT_NAME = "$(TARGET_NAME)";
			};
			name = Debug;
		};
		3CD8D84B1B3AFBDB003AC334 /* Release */ = {
			isa = XCBuildConfiguration;
			buildSettings = {
				ASSETCATALOG_COMPILER_APPICON_NAME = AppIcon;
				CODE_SIGN_ENTITLEMENTS = Fitness/Fitness.entitlements;
				INFOPLIST_FILE = Fitness/Info.plist;
				LD_RUNPATH_SEARCH_PATHS = "$(inherited) @executable_path/Frameworks";
				PRODUCT_NAME = "$(TARGET_NAME)";
			};
			name = Release;
		};
/* End XCBuildConfiguration section */

/* Begin XCConfigurationList section */
		3CD8D8251B3AFBDB003AC334 /* Build configuration list for PBXProject "Fitness" */ = {
			isa = XCConfigurationList;
			buildConfigurations = (
				3CD8D8471B3AFBDB003AC334 /* Debug */,
				3CD8D8481B3AFBDB003AC334 /* Release */,
			);
			defaultConfigurationIsVisible = 0;
			defaultConfigurationName = Release;
		};
		3CD8D8491B3AFBDB003AC334 /* Build configuration list for PBXNativeTarget "Fitness" */ = {
			isa = XCConfigurationList;
			buildConfigurations = (
				3CD8D84A1B3AFBDB003AC334 /* Debug */,
				3CD8D84B1B3AFBDB003AC334 /* Release */,
			);
			defaultConfigurationIsVisible = 0;
			defaultConfigurationName = Release;
		};
/* End XCConfigurationList section */
	};
	rootObject = 3CD8D8221B3AFBDB003AC334 /* Project object */;
}
