// !$*UTF8*$!
{
	archiveVersion = 1;
	classes = {
	};
	objectVersion = 46;
	objects = {

/* Begin PBXBuildFile section */
		3C81290C1AE8F29500243413 /* main.m in Sources */ = {isa = PBXBuildFile; fileRef = 3C81290B1AE8F29500243413 /* main.m */; };
		3C81290F1AE8F29500243413 /* AppDelegate.m in Sources */ = {isa = PBXBuildFile; fileRef = 3C81290E1AE8F29500243413 /* AppDelegate.m */; };
		3C8129181AE8F29500243413 /* Main.storyboard in Resources */ = {isa = PBXBuildFile; fileRef = 3C8129161AE8F29500243413 /* Main.storyboard */; };
		3C81291A1AE8F29500243413 /* Images.xcassets in Resources */ = {isa = PBXBuildFile; fileRef = 3C8129191AE8F29500243413 /* Images.xcassets */; };
		3C81291D1AE8F29500243413 /* LaunchScreen.xib in Resources */ = {isa = PBXBuildFile; fileRef = 3C81291B1AE8F29500243413 /* LaunchScreen.xib */; };
		3C8129341AE8F3B500243413 /* HealthKit.framework in Frameworks */ = {isa = PBXBuildFile; fileRef = 3C8129331AE8F3B500243413 /* HealthKit.framework */; };
		3C8129481AE8FDCC00243413 /* Health.m in Sources */ = {isa = PBXBuildFile; fileRef = 3C8129471AE8FDCC00243413 /* Health.m */; };
		3C8129541AE902D800243413 /* MainNavigationController.m in Sources */ = {isa = PBXBuildFile; fileRef = 3C8129531AE902D800243413 /* MainNavigationController.m */; };
		3C8129571AE9032000243413 /* TrainingTableViewController.m in Sources */ = {isa = PBXBuildFile; fileRef = 3C8129561AE9032000243413 /* TrainingTableViewController.m */; };
		3C81295E1AE903AF00243413 /* TrainingTableViewCell.m in Sources */ = {isa = PBXBuildFile; fileRef = 3C81295D1AE903AF00243413 /* TrainingTableViewCell.m */; };
		3C8129611AE9046900243413 /* ErrorViewController.m in Sources */ = {isa = PBXBuildFile; fileRef = 3C8129601AE9046900243413 /* ErrorViewController.m */; };
		3C8129641AE925CD00243413 /* EditTrainingTableViewController.m in Sources */ = {isa = PBXBuildFile; fileRef = 3C8129631AE925CD00243413 /* EditTrainingTableViewController.m */; };
		3C8129671AE925E000243413 /* EditExerciseTableViewController.m in Sources */ = {isa = PBXBuildFile; fileRef = 3C8129661AE925E000243413 /* EditExerciseTableViewController.m */; };
		3CC6FC0F1AEBC34C00A3F03F /* Training.m in Sources */ = {isa = PBXBuildFile; fileRef = 3CC6FC0A1AEBC34C00A3F03F /* Training.m */; };
		3CC6FC111AEBC34C00A3F03F /* Exercise.m in Sources */ = {isa = PBXBuildFile; fileRef = 3CC6FC0E1AEBC34C00A3F03F /* Exercise.m */; };
		3CC6FC141AEBC45100A3F03F /* Storage.m in Sources */ = {isa = PBXBuildFile; fileRef = 3CC6FC131AEBC45100A3F03F /* Storage.m */; };
		3CC6FC171AECF7DD00A3F03F /* AudioToolbox.framework in Frameworks */ = {isa = PBXBuildFile; fileRef = 3CC6FC161AECF7DD00A3F03F /* AudioToolbox.framework */; };
		AA41DD974DAE4FEEAB888825 /* libPods.a in Frameworks */ = {isa = PBXBuildFile; fileRef = B54887A475164A5AA0DE6EB5 /* libPods.a */; };
/* End PBXBuildFile section */

/* Begin PBXFileReference section */
		3C8129061AE8F29500243413 /* Fitness.app */ = {isa = PBXFileReference; explicitFileType = wrapper.application; includeInIndex = 0; path = Fitness.app; sourceTree = BUILT_PRODUCTS_DIR; };
		3C81290A1AE8F29500243413 /* Info.plist */ = {isa = PBXFileReference; lastKnownFileType = text.plist.xml; path = Info.plist; sourceTree = "<group>"; };
		3C81290B1AE8F29500243413 /* main.m */ = {isa = PBXFileReference; lastKnownFileType = sourcecode.c.objc; path = main.m; sourceTree = "<group>"; };
		3C81290D1AE8F29500243413 /* AppDelegate.h */ = {isa = PBXFileReference; lastKnownFileType = sourcecode.c.h; path = AppDelegate.h; sourceTree = "<group>"; };
		3C81290E1AE8F29500243413 /* AppDelegate.m */ = {isa = PBXFileReference; lastKnownFileType = sourcecode.c.objc; path = AppDelegate.m; sourceTree = "<group>"; };
		3C8129191AE8F29500243413 /* Images.xcassets */ = {isa = PBXFileReference; lastKnownFileType = folder.assetcatalog; path = Images.xcassets; sourceTree = "<group>"; };
		3C8129321AE8F3B500243413 /* Fitness.entitlements */ = {isa = PBXFileReference; lastKnownFileType = text.xml; path = Fitness.entitlements; sourceTree = "<group>"; };
		3C8129331AE8F3B500243413 /* HealthKit.framework */ = {isa = PBXFileReference; lastKnownFileType = wrapper.framework; name = HealthKit.framework; path = System/Library/Frameworks/HealthKit.framework; sourceTree = SDKROOT; };
		3C8129461AE8FDCC00243413 /* Health.h */ = {isa = PBXFileReference; fileEncoding = 4; lastKnownFileType = sourcecode.c.h; name = Health.h; path = Health/Health.h; sourceTree = "<group>"; };
		3C8129471AE8FDCC00243413 /* Health.m */ = {isa = PBXFileReference; fileEncoding = 4; lastKnownFileType = sourcecode.c.objc; name = Health.m; path = Health/Health.m; sourceTree = "<group>"; };
		3C81294D1AE8FEF100243413 /* de */ = {isa = PBXFileReference; lastKnownFileType = text.plist.strings; name = de; path = de.lproj/Main.strings; sourceTree = "<group>"; };
		3C81294E1AE8FEF800243413 /* de */ = {isa = PBXFileReference; lastKnownFileType = text.plist.strings; name = de; path = de.lproj/LaunchScreen.strings; sourceTree = "<group>"; };
		3C81294F1AE8FFE600243413 /* de */ = {isa = PBXFileReference; lastKnownFileType = file.storyboard; name = de; path = de.lproj/Main.storyboard; sourceTree = "<group>"; };
		3C8129501AE8FFE800243413 /* de */ = {isa = PBXFileReference; lastKnownFileType = file.xib; name = de; path = de.lproj/LaunchScreen.xib; sourceTree = "<group>"; };
		3C8129521AE902D800243413 /* MainNavigationController.h */ = {isa = PBXFileReference; fileEncoding = 4; lastKnownFileType = sourcecode.c.h; name = MainNavigationController.h; path = ViewControllers/MainNavigationController.h; sourceTree = "<group>"; };
		3C8129531AE902D800243413 /* MainNavigationController.m */ = {isa = PBXFileReference; fileEncoding = 4; lastKnownFileType = sourcecode.c.objc; name = MainNavigationController.m; path = ViewControllers/MainNavigationController.m; sourceTree = "<group>"; };
		3C8129551AE9032000243413 /* TrainingTableViewController.h */ = {isa = PBXFileReference; fileEncoding = 4; lastKnownFileType = sourcecode.c.h; name = TrainingTableViewController.h; path = ViewControllers/TrainingTableViewController.h; sourceTree = "<group>"; };
		3C8129561AE9032000243413 /* TrainingTableViewController.m */ = {isa = PBXFileReference; fileEncoding = 4; lastKnownFileType = sourcecode.c.objc; name = TrainingTableViewController.m; path = ViewControllers/TrainingTableViewController.m; sourceTree = "<group>"; };
		3C81295C1AE903AF00243413 /* TrainingTableViewCell.h */ = {isa = PBXFileReference; fileEncoding = 4; lastKnownFileType = sourcecode.c.h; name = TrainingTableViewCell.h; path = Views/TrainingTableViewCell.h; sourceTree = "<group>"; };
		3C81295D1AE903AF00243413 /* TrainingTableViewCell.m */ = {isa = PBXFileReference; fileEncoding = 4; lastKnownFileType = sourcecode.c.objc; name = TrainingTableViewCell.m; path = Views/TrainingTableViewCell.m; sourceTree = "<group>"; };
		3C81295F1AE9046900243413 /* ErrorViewController.h */ = {isa = PBXFileReference; fileEncoding = 4; lastKnownFileType = sourcecode.c.h; name = ErrorViewController.h; path = ViewControllers/ErrorViewController.h; sourceTree = "<group>"; };
		3C8129601AE9046900243413 /* ErrorViewController.m */ = {isa = PBXFileReference; fileEncoding = 4; lastKnownFileType = sourcecode.c.objc; name = ErrorViewController.m; path = ViewControllers/ErrorViewController.m; sourceTree = "<group>"; };
		3C8129621AE925CD00243413 /* EditTrainingTableViewController.h */ = {isa = PBXFileReference; fileEncoding = 4; lastKnownFileType = sourcecode.c.h; name = EditTrainingTableViewController.h; path = ViewControllers/EditTrainingTableViewController.h; sourceTree = "<group>"; };
		3C8129631AE925CD00243413 /* EditTrainingTableViewController.m */ = {isa = PBXFileReference; fileEncoding = 4; lastKnownFileType = sourcecode.c.objc; name = EditTrainingTableViewController.m; path = ViewControllers/EditTrainingTableViewController.m; sourceTree = "<group>"; };
		3C8129651AE925E000243413 /* EditExerciseTableViewController.h */ = {isa = PBXFileReference; fileEncoding = 4; lastKnownFileType = sourcecode.c.h; name = EditExerciseTableViewController.h; path = ViewControllers/EditExerciseTableViewController.h; sourceTree = "<group>"; };
		3C8129661AE925E000243413 /* EditExerciseTableViewController.m */ = {isa = PBXFileReference; fileEncoding = 4; lastKnownFileType = sourcecode.c.objc; name = EditExerciseTableViewController.m; path = ViewControllers/EditExerciseTableViewController.m; sourceTree = "<group>"; };
		3CC6FC091AEBC34C00A3F03F /* Training.h */ = {isa = PBXFileReference; fileEncoding = 4; lastKnownFileType = sourcecode.c.h; name = Training.h; path = Resources/Training.h; sourceTree = "<group>"; };
		3CC6FC0A1AEBC34C00A3F03F /* Training.m */ = {isa = PBXFileReference; fileEncoding = 4; lastKnownFileType = sourcecode.c.objc; name = Training.m; path = Resources/Training.m; sourceTree = "<group>"; };
		3CC6FC0B1AEBC34C00A3F03F /* Exercise.h */ = {isa = PBXFileReference; fileEncoding = 4; lastKnownFileType = sourcecode.c.h; name = Exercise.h; path = Resources/Exercise.h; sourceTree = "<group>"; };
		3CC6FC0E1AEBC34C00A3F03F /* Exercise.m */ = {isa = PBXFileReference; fileEncoding = 4; lastKnownFileType = sourcecode.c.objc; name = Exercise.m; path = Resources/Exercise.m; sourceTree = "<group>"; };
		3CC6FC121AEBC45100A3F03F /* Storage.h */ = {isa = PBXFileReference; fileEncoding = 4; lastKnownFileType = sourcecode.c.h; name = Storage.h; path = Resources/Storage.h; sourceTree = "<group>"; };
		3CC6FC131AEBC45100A3F03F /* Storage.m */ = {isa = PBXFileReference; fileEncoding = 4; lastKnownFileType = sourcecode.c.objc; name = Storage.m; path = Resources/Storage.m; sourceTree = "<group>"; };
		3CC6FC151AEBC47B00A3F03F /* Helpers.h */ = {isa = PBXFileReference; lastKnownFileType = sourcecode.c.h; name = Helpers.h; path = Resources/Helpers.h; sourceTree = "<group>"; };
		3CC6FC161AECF7DD00A3F03F /* AudioToolbox.framework */ = {isa = PBXFileReference; lastKnownFileType = wrapper.framework; name = AudioToolbox.framework; path = System/Library/Frameworks/AudioToolbox.framework; sourceTree = SDKROOT; };
		6DED02AC9EC548B2AF1BFE89 /* Pods.xcconfig */ = {isa = PBXFileReference; includeInIndex = 1; lastKnownFileType = text.xcconfig; name = Pods.xcconfig; path = Pods/Pods.xcconfig; sourceTree = "<group>"; };
		B54887A475164A5AA0DE6EB5 /* libPods.a */ = {isa = PBXFileReference; explicitFileType = archive.ar; includeInIndex = 0; path = libPods.a; sourceTree = BUILT_PRODUCTS_DIR; };
/* End PBXFileReference section */

/* Begin PBXFrameworksBuildPhase section */
		3C8129031AE8F29400243413 /* Frameworks */ = {
			isa = PBXFrameworksBuildPhase;
			buildActionMask = 2147483647;
			files = (
				AA41DD974DAE4FEEAB888825 /* libPods.a in Frameworks */,
				3C8129341AE8F3B500243413 /* HealthKit.framework in Frameworks */,
				3CC6FC171AECF7DD00A3F03F /* AudioToolbox.framework in Frameworks */,
			);
			runOnlyForDeploymentPostprocessing = 0;
		};
/* End PBXFrameworksBuildPhase section */

/* Begin PBXGroup section */
		1D329C642B44405F9EAD8DFC /* Frameworks */ = {
			isa = PBXGroup;
			children = (
				3CC6FC161AECF7DD00A3F03F /* AudioToolbox.framework */,
				3C8129331AE8F3B500243413 /* HealthKit.framework */,
				B54887A475164A5AA0DE6EB5 /* libPods.a */,
			);
			name = Frameworks;
			sourceTree = "<group>";
		};
		3C8128FD1AE8F29400243413 = {
			isa = PBXGroup;
			children = (
				3C8129081AE8F29500243413 /* Fitness */,
				3C8129071AE8F29500243413 /* Products */,
				6DED02AC9EC548B2AF1BFE89 /* Pods.xcconfig */,
				1D329C642B44405F9EAD8DFC /* Frameworks */,
			);
			sourceTree = "<group>";
		};
		3C8129071AE8F29500243413 /* Products */ = {
			isa = PBXGroup;
			children = (
				3C8129061AE8F29500243413 /* Fitness.app */,
			);
			name = Products;
			sourceTree = "<group>";
		};
		3C8129081AE8F29500243413 /* Fitness */ = {
			isa = PBXGroup;
			children = (
				3C81290D1AE8F29500243413 /* AppDelegate.h */,
				3C81290E1AE8F29500243413 /* AppDelegate.m */,
				3CC6FC181AECF82300A3F03F /* Storyboards */,
				3C81295B1AE9037F00243413 /* Views */,
				3C8129511AE9029E00243413 /* ViewControllers */,
				3C8129451AE8FDAE00243413 /* Health */,
				3C8129351AE8FAEB00243413 /* Resources */,
				3C8129321AE8F3B500243413 /* Fitness.entitlements */,
				3C8129191AE8F29500243413 /* Images.xcassets */,
				3C8129091AE8F29500243413 /* Supporting Files */,
			);
			path = Fitness;
			sourceTree = "<group>";
		};
		3C8129091AE8F29500243413 /* Supporting Files */ = {
			isa = PBXGroup;
			children = (
				3C81290A1AE8F29500243413 /* Info.plist */,
				3C81290B1AE8F29500243413 /* main.m */,
			);
			name = "Supporting Files";
			sourceTree = "<group>";
		};
		3C8129351AE8FAEB00243413 /* Resources */ = {
			isa = PBXGroup;
			children = (
				3CC6FC091AEBC34C00A3F03F /* Training.h */,
				3CC6FC0A1AEBC34C00A3F03F /* Training.m */,
				3CC6FC0B1AEBC34C00A3F03F /* Exercise.h */,
				3CC6FC0E1AEBC34C00A3F03F /* Exercise.m */,
				3CC6FC121AEBC45100A3F03F /* Storage.h */,
				3CC6FC131AEBC45100A3F03F /* Storage.m */,
				3CC6FC151AEBC47B00A3F03F /* Helpers.h */,
			);
			name = Resources;
			sourceTree = "<group>";
		};
		3C8129451AE8FDAE00243413 /* Health */ = {
			isa = PBXGroup;
			children = (
				3C8129461AE8FDCC00243413 /* Health.h */,
				3C8129471AE8FDCC00243413 /* Health.m */,
			);
			name = Health;
			sourceTree = "<group>";
		};
		3C8129511AE9029E00243413 /* ViewControllers */ = {
			isa = PBXGroup;
			children = (
				3C8129521AE902D800243413 /* MainNavigationController.h */,
				3C8129531AE902D800243413 /* MainNavigationController.m */,
				3C8129551AE9032000243413 /* TrainingTableViewController.h */,
				3C8129561AE9032000243413 /* TrainingTableViewController.m */,
				3C81295F1AE9046900243413 /* ErrorViewController.h */,
				3C8129601AE9046900243413 /* ErrorViewController.m */,
				3C8129621AE925CD00243413 /* EditTrainingTableViewController.h */,
				3C8129631AE925CD00243413 /* EditTrainingTableViewController.m */,
				3C8129651AE925E000243413 /* EditExerciseTableViewController.h */,
				3C8129661AE925E000243413 /* EditExerciseTableViewController.m */,
			);
			name = ViewControllers;
			sourceTree = "<group>";
		};
		3C81295B1AE9037F00243413 /* Views */ = {
			isa = PBXGroup;
			children = (
				3C81295C1AE903AF00243413 /* TrainingTableViewCell.h */,
				3C81295D1AE903AF00243413 /* TrainingTableViewCell.m */,
			);
			name = Views;
			sourceTree = "<group>";
		};
		3CC6FC181AECF82300A3F03F /* Storyboards */ = {
			isa = PBXGroup;
			children = (
				3C8129161AE8F29500243413 /* Main.storyboard */,
				3C81291B1AE8F29500243413 /* LaunchScreen.xib */,
			);
			name = Storyboards;
			sourceTree = "<group>";
		};
/* End PBXGroup section */

/* Begin PBXNativeTarget section */
		3C8129051AE8F29400243413 /* Fitness */ = {
			isa = PBXNativeTarget;
			buildConfigurationList = 3C81292C1AE8F29500243413 /* Build configuration list for PBXNativeTarget "Fitness" */;
			buildPhases = (
				1D1385F4FD1D4BBE878889FF /* Check Pods Manifest.lock */,
				3C8129021AE8F29400243413 /* Sources */,
				3C8129031AE8F29400243413 /* Frameworks */,
				3C8129041AE8F29400243413 /* Resources */,
				B4770A2849A54CAEAE6B5D6E /* Copy Pods Resources */,
			);
			buildRules = (
			);
			dependencies = (
			);
			name = Fitness;
			productName = Fitness;
			productReference = 3C8129061AE8F29500243413 /* Fitness.app */;
			productType = "com.apple.product-type.application";
		};
/* End PBXNativeTarget section */

/* Begin PBXProject section */
		3C8128FE1AE8F29400243413 /* Project object */ = {
			isa = PBXProject;
			attributes = {
				LastUpgradeCheck = 0630;
				ORGANIZATIONNAME = Mani;
				TargetAttributes = {
					3C8129051AE8F29400243413 = {
						CreatedOnToolsVersion = 6.3.1;
						DevelopmentTeam = PZP46GS9KE;
						SystemCapabilities = {
							com.apple.HealthKit = {
								enabled = 1;
							};
							com.apple.InterAppAudio = {
								enabled = 1;
							};
						};
					};
				};
			};
			buildConfigurationList = 3C8129011AE8F29400243413 /* Build configuration list for PBXProject "Fitness" */;
			compatibilityVersion = "Xcode 3.2";
			developmentRegion = English;
			hasScannedForEncodings = 0;
			knownRegions = (
				de,
			);
			mainGroup = 3C8128FD1AE8F29400243413;
			productRefGroup = 3C8129071AE8F29500243413 /* Products */;
			projectDirPath = "";
			projectRoot = "";
			targets = (
				3C8129051AE8F29400243413 /* Fitness */,
			);
		};
/* End PBXProject section */

/* Begin PBXResourcesBuildPhase section */
		3C8129041AE8F29400243413 /* Resources */ = {
			isa = PBXResourcesBuildPhase;
			buildActionMask = 2147483647;
			files = (
				3C8129181AE8F29500243413 /* Main.storyboard in Resources */,
				3C81291D1AE8F29500243413 /* LaunchScreen.xib in Resources */,
				3C81291A1AE8F29500243413 /* Images.xcassets in Resources */,
			);
			runOnlyForDeploymentPostprocessing = 0;
		};
/* End PBXResourcesBuildPhase section */

/* Begin PBXShellScriptBuildPhase section */
		1D1385F4FD1D4BBE878889FF /* Check Pods Manifest.lock */ = {
			isa = PBXShellScriptBuildPhase;
			buildActionMask = 2147483647;
			files = (
			);
			inputPaths = (
			);
			name = "Check Pods Manifest.lock";
			outputPaths = (
			);
			runOnlyForDeploymentPostprocessing = 0;
			shellPath = /bin/sh;
			shellScript = "diff \"${PODS_ROOT}/../Podfile.lock\" \"${PODS_ROOT}/Manifest.lock\" > /dev/null\nif [[ $? != 0 ]] ; then\n    cat << EOM\nerror: The sandbox is not in sync with the Podfile.lock. Run 'pod install' or update your CocoaPods installation.\nEOM\n    exit 1\nfi\n";
			showEnvVarsInLog = 0;
		};
		B4770A2849A54CAEAE6B5D6E /* Copy Pods Resources */ = {
			isa = PBXShellScriptBuildPhase;
			buildActionMask = 2147483647;
			files = (
			);
			inputPaths = (
			);
			name = "Copy Pods Resources";
			outputPaths = (
			);
			runOnlyForDeploymentPostprocessing = 0;
			shellPath = /bin/sh;
			shellScript = "\"${SRCROOT}/Pods/Pods-resources.sh\"\n";
			showEnvVarsInLog = 0;
		};
/* End PBXShellScriptBuildPhase section */

/* Begin PBXSourcesBuildPhase section */
		3C8129021AE8F29400243413 /* Sources */ = {
			isa = PBXSourcesBuildPhase;
			buildActionMask = 2147483647;
			files = (
				3CC6FC111AEBC34C00A3F03F /* Exercise.m in Sources */,
				3CC6FC0F1AEBC34C00A3F03F /* Training.m in Sources */,
				3C81290F1AE8F29500243413 /* AppDelegate.m in Sources */,
				3C8129641AE925CD00243413 /* EditTrainingTableViewController.m in Sources */,
				3C8129671AE925E000243413 /* EditExerciseTableViewController.m in Sources */,
				3CC6FC141AEBC45100A3F03F /* Storage.m in Sources */,
				3C81295E1AE903AF00243413 /* TrainingTableViewCell.m in Sources */,
				3C8129481AE8FDCC00243413 /* Health.m in Sources */,
				3C81290C1AE8F29500243413 /* main.m in Sources */,
				3C8129541AE902D800243413 /* MainNavigationController.m in Sources */,
				3C8129611AE9046900243413 /* ErrorViewController.m in Sources */,
				3C8129571AE9032000243413 /* TrainingTableViewController.m in Sources */,
			);
			runOnlyForDeploymentPostprocessing = 0;
		};
/* End PBXSourcesBuildPhase section */

/* Begin PBXVariantGroup section */
		3C8129161AE8F29500243413 /* Main.storyboard */ = {
			isa = PBXVariantGroup;
			children = (
				3C81294D1AE8FEF100243413 /* de */,
				3C81294F1AE8FFE600243413 /* de */,
			);
			name = Main.storyboard;
			sourceTree = "<group>";
		};
		3C81291B1AE8F29500243413 /* LaunchScreen.xib */ = {
			isa = PBXVariantGroup;
			children = (
				3C81294E1AE8FEF800243413 /* de */,
				3C8129501AE8FFE800243413 /* de */,
			);
			name = LaunchScreen.xib;
			sourceTree = "<group>";
		};
/* End PBXVariantGroup section */

/* Begin XCBuildConfiguration section */
		3C81292A1AE8F29500243413 /* Debug */ = {
			isa = XCBuildConfiguration;
			buildSettings = {
				ALWAYS_SEARCH_USER_PATHS = NO;
				CLANG_CXX_LANGUAGE_STANDARD = "gnu++0x";
				CLANG_CXX_LIBRARY = "libc++";
				CLANG_ENABLE_MODULES = YES;
				CLANG_ENABLE_OBJC_ARC = YES;
				CLANG_WARN_BOOL_CONVERSION = YES;
				CLANG_WARN_CONSTANT_CONVERSION = YES;
				CLANG_WARN_DIRECT_OBJC_ISA_USAGE = YES_ERROR;
				CLANG_WARN_EMPTY_BODY = YES;
				CLANG_WARN_ENUM_CONVERSION = YES;
				CLANG_WARN_INT_CONVERSION = YES;
				CLANG_WARN_OBJC_ROOT_CLASS = YES_ERROR;
				CLANG_WARN_UNREACHABLE_CODE = YES;
				CLANG_WARN__DUPLICATE_METHOD_MATCH = YES;
				"CODE_SIGN_IDENTITY[sdk=iphoneos*]" = "iPhone Developer";
				COPY_PHASE_STRIP = NO;
				DEBUG_INFORMATION_FORMAT = "dwarf-with-dsym";
				ENABLE_STRICT_OBJC_MSGSEND = YES;
				GCC_C_LANGUAGE_STANDARD = gnu99;
				GCC_DYNAMIC_NO_PIC = NO;
				GCC_NO_COMMON_BLOCKS = YES;
				GCC_OPTIMIZATION_LEVEL = 0;
				GCC_PREPROCESSOR_DEFINITIONS = (
					"DEBUG=1",
					"$(inherited)",
				);
				GCC_SYMBOLS_PRIVATE_EXTERN = NO;
				GCC_WARN_64_TO_32_BIT_CONVERSION = YES;
				GCC_WARN_ABOUT_RETURN_TYPE = YES_ERROR;
				GCC_WARN_UNDECLARED_SELECTOR = YES;
				GCC_WARN_UNINITIALIZED_AUTOS = YES_AGGRESSIVE;
				GCC_WARN_UNUSED_FUNCTION = YES;
				GCC_WARN_UNUSED_VARIABLE = YES;
				IPHONEOS_DEPLOYMENT_TARGET = 8.3;
				MTL_ENABLE_DEBUG_INFO = YES;
				ONLY_ACTIVE_ARCH = YES;
				SDKROOT = iphoneos;
			};
			name = Debug;
		};
		3C81292B1AE8F29500243413 /* Release */ = {
			isa = XCBuildConfiguration;
			buildSettings = {
				ALWAYS_SEARCH_USER_PATHS = NO;
				CLANG_CXX_LANGUAGE_STANDARD = "gnu++0x";
				CLANG_CXX_LIBRARY = "libc++";
				CLANG_ENABLE_MODULES = YES;
				CLANG_ENABLE_OBJC_ARC = YES;
				CLANG_WARN_BOOL_CONVERSION = YES;
				CLANG_WARN_CONSTANT_CONVERSION = YES;
				CLANG_WARN_DIRECT_OBJC_ISA_USAGE = YES_ERROR;
				CLANG_WARN_EMPTY_BODY = YES;
				CLANG_WARN_ENUM_CONVERSION = YES;
				CLANG_WARN_INT_CONVERSION = YES;
				CLANG_WARN_OBJC_ROOT_CLASS = YES_ERROR;
				CLANG_WARN_UNREACHABLE_CODE = YES;
				CLANG_WARN__DUPLICATE_METHOD_MATCH = YES;
				"CODE_SIGN_IDENTITY[sdk=iphoneos*]" = "iPhone Developer";
				COPY_PHASE_STRIP = NO;
				DEBUG_INFORMATION_FORMAT = "dwarf-with-dsym";
				ENABLE_NS_ASSERTIONS = NO;
				ENABLE_STRICT_OBJC_MSGSEND = YES;
				GCC_C_LANGUAGE_STANDARD = gnu99;
				GCC_NO_COMMON_BLOCKS = YES;
				GCC_WARN_64_TO_32_BIT_CONVERSION = YES;
				GCC_WARN_ABOUT_RETURN_TYPE = YES_ERROR;
				GCC_WARN_UNDECLARED_SELECTOR = YES;
				GCC_WARN_UNINITIALIZED_AUTOS = YES_AGGRESSIVE;
				GCC_WARN_UNUSED_FUNCTION = YES;
				GCC_WARN_UNUSED_VARIABLE = YES;
				IPHONEOS_DEPLOYMENT_TARGET = 8.3;
				MTL_ENABLE_DEBUG_INFO = NO;
				SDKROOT = iphoneos;
				VALIDATE_PRODUCT = YES;
			};
			name = Release;
		};
		3C81292D1AE8F29500243413 /* Debug */ = {
			isa = XCBuildConfiguration;
			baseConfigurationReference = 6DED02AC9EC548B2AF1BFE89 /* Pods.xcconfig */;
			buildSettings = {
				ASSETCATALOG_COMPILER_APPICON_NAME = AppIcon;
				CODE_SIGN_ENTITLEMENTS = Fitness/Fitness.entitlements;
				CODE_SIGN_IDENTITY = "iPhone Developer";
				"CODE_SIGN_IDENTITY[sdk=iphoneos*]" = "iPhone Developer";
				INFOPLIST_FILE = Fitness/Info.plist;
				LD_RUNPATH_SEARCH_PATHS = "$(inherited) @executable_path/Frameworks";
				PRODUCT_NAME = "$(TARGET_NAME)";
				PROVISIONING_PROFILE = "";
				TARGETED_DEVICE_FAMILY = 1;
			};
			name = Debug;
		};
		3C81292E1AE8F29500243413 /* Release */ = {
			isa = XCBuildConfiguration;
			baseConfigurationReference = 6DED02AC9EC548B2AF1BFE89 /* Pods.xcconfig */;
			buildSettings = {
				ASSETCATALOG_COMPILER_APPICON_NAME = AppIcon;
				CODE_SIGN_ENTITLEMENTS = Fitness/Fitness.entitlements;
				CODE_SIGN_IDENTITY = "iPhone Developer";
				"CODE_SIGN_IDENTITY[sdk=iphoneos*]" = "iPhone Developer";
				INFOPLIST_FILE = Fitness/Info.plist;
				LD_RUNPATH_SEARCH_PATHS = "$(inherited) @executable_path/Frameworks";
				PRODUCT_NAME = "$(TARGET_NAME)";
				PROVISIONING_PROFILE = "";
				TARGETED_DEVICE_FAMILY = 1;
			};
			name = Release;
		};
/* End XCBuildConfiguration section */

/* Begin XCConfigurationList section */
		3C8129011AE8F29400243413 /* Build configuration list for PBXProject "Fitness" */ = {
			isa = XCConfigurationList;
			buildConfigurations = (
				3C81292A1AE8F29500243413 /* Debug */,
				3C81292B1AE8F29500243413 /* Release */,
			);
			defaultConfigurationIsVisible = 0;
			defaultConfigurationName = Release;
		};
		3C81292C1AE8F29500243413 /* Build configuration list for PBXNativeTarget "Fitness" */ = {
			isa = XCConfigurationList;
			buildConfigurations = (
				3C81292D1AE8F29500243413 /* Debug */,
				3C81292E1AE8F29500243413 /* Release */,
			);
			defaultConfigurationIsVisible = 0;
			defaultConfigurationName = Release;
		};
/* End XCConfigurationList section */
	};
	rootObject = 3C8128FE1AE8F29400243413 /* Project object */;
}
