// !$*UTF8*$!
{
	archiveVersion = 1;
	classes = {
	};
	objectVersion = 46;
	objects = {

/* Begin PBXBuildFile section */
		3C0284451BA3032C009404A2 /* Storage.xcdatamodeld in Sources */ = {isa = PBXBuildFile; fileRef = 3C0284431BA3032C009404A2 /* Storage.xcdatamodeld */; };
		3C0284481BA30359009404A2 /* CoreData.swift in Sources */ = {isa = PBXBuildFile; fileRef = 3C0284471BA30359009404A2 /* CoreData.swift */; };
		3C02844F1BA30999009404A2 /* Training+CoreDataProperties.swift in Sources */ = {isa = PBXBuildFile; fileRef = 3C0284491BA30999009404A2 /* Training+CoreDataProperties.swift */; };
		3C0284501BA30999009404A2 /* Training.swift in Sources */ = {isa = PBXBuildFile; fileRef = 3C02844A1BA30999009404A2 /* Training.swift */; };
		3C0284511BA30999009404A2 /* TrainingManager+CoreDataProperties.swift in Sources */ = {isa = PBXBuildFile; fileRef = 3C02844B1BA30999009404A2 /* TrainingManager+CoreDataProperties.swift */; };
		3C0284521BA30999009404A2 /* TrainingManager.swift in Sources */ = {isa = PBXBuildFile; fileRef = 3C02844C1BA30999009404A2 /* TrainingManager.swift */; };
		3C0284531BA30999009404A2 /* Exercise+CoreDataProperties.swift in Sources */ = {isa = PBXBuildFile; fileRef = 3C02844D1BA30999009404A2 /* Exercise+CoreDataProperties.swift */; };
		3C0284541BA30999009404A2 /* Exercise.swift in Sources */ = {isa = PBXBuildFile; fileRef = 3C02844E1BA30999009404A2 /* Exercise.swift */; };
		3C0284561BA311B6009404A2 /* MainTableViewController.swift in Sources */ = {isa = PBXBuildFile; fileRef = 3C0284551BA311B6009404A2 /* MainTableViewController.swift */; };
		3C0284581BA311C2009404A2 /* TrainingTableViewController.swift in Sources */ = {isa = PBXBuildFile; fileRef = 3C0284571BA311C2009404A2 /* TrainingTableViewController.swift */; };
		3C02845A1BA311D1009404A2 /* ExerciseTableViewController.swift in Sources */ = {isa = PBXBuildFile; fileRef = 3C0284591BA311D1009404A2 /* ExerciseTableViewController.swift */; };
		3C02845C1BA318E3009404A2 /* CoreDataHelper.swift in Sources */ = {isa = PBXBuildFile; fileRef = 3C02845B1BA318E3009404A2 /* CoreDataHelper.swift */; };
		3C02845E1BA3287C009404A2 /* String+Localization.swift in Sources */ = {isa = PBXBuildFile; fileRef = 3C02845D1BA3287C009404A2 /* String+Localization.swift */; };
		3C1B35DD1BA432A700DE4238 /* ActiveTraining+CoreDataProperties.swift in Sources */ = {isa = PBXBuildFile; fileRef = 3C1B35DB1BA432A700DE4238 /* ActiveTraining+CoreDataProperties.swift */; };
		3C1B35DE1BA432A700DE4238 /* ActiveTraining.swift in Sources */ = {isa = PBXBuildFile; fileRef = 3C1B35DC1BA432A700DE4238 /* ActiveTraining.swift */; };
		3C1B35E01BA436AA00DE4238 /* NSOrdererdSet+Mutate.swift in Sources */ = {isa = PBXBuildFile; fileRef = 3C1B35DF1BA436AA00DE4238 /* NSOrdererdSet+Mutate.swift */; };
		3C1B35E41BA43F7500DE4238 /* PrepareViewController.swift in Sources */ = {isa = PBXBuildFile; fileRef = 3C1B35E31BA43F7500DE4238 /* PrepareViewController.swift */; };
		3C1B35E81BA45F4900DE4238 /* PracticeViewController.swift in Sources */ = {isa = PBXBuildFile; fileRef = 3C1B35E71BA45F4900DE4238 /* PracticeViewController.swift */; };
		3C1B35EA1BA460CB00DE4238 /* ActiveTrainingController.swift in Sources */ = {isa = PBXBuildFile; fileRef = 3C1B35E91BA460CB00DE4238 /* ActiveTrainingController.swift */; };
		3C1B35EE1BA467BB00DE4238 /* ActiveTrainingChildViewController.swift in Sources */ = {isa = PBXBuildFile; fileRef = 3C1B35ED1BA467BB00DE4238 /* ActiveTrainingChildViewController.swift */; };
		3C1B35F01BA4C8A200DE4238 /* Speaker.swift in Sources */ = {isa = PBXBuildFile; fileRef = 3C1B35EF1BA4C8A200DE4238 /* Speaker.swift */; };
		3CD89B751BA586B20057F048 /* Health.swift in Sources */ = {isa = PBXBuildFile; fileRef = 3CD89B741BA586B20057F048 /* Health.swift */; };
		3CD8D8371B3AFBDB003AC334 /* Images.xcassets in Resources */ = {isa = PBXBuildFile; fileRef = 3CD8D8361B3AFBDB003AC334 /* Images.xcassets */; };
		3CD8D83A1B3AFBDB003AC334 /* LaunchScreen.xib in Resources */ = {isa = PBXBuildFile; fileRef = 3CD8D8381B3AFBDB003AC334 /* LaunchScreen.xib */; };
		3CD8D86D1B3B2954003AC334 /* HealthKit.framework in Frameworks */ = {isa = PBXBuildFile; fileRef = 3CD8D86C1B3B2954003AC334 /* HealthKit.framework */; };
		3CD8D86F1B3B295B003AC334 /* AudioToolbox.framework in Frameworks */ = {isa = PBXBuildFile; fileRef = 3CD8D86E1B3B295B003AC334 /* AudioToolbox.framework */; };
		3CD8D8731B3B299B003AC334 /* Main.storyboard in Resources */ = {isa = PBXBuildFile; fileRef = 3CD8D8711B3B299B003AC334 /* Main.storyboard */; };
		3CD8D8781B3B2A57003AC334 /* Localizable.strings in Resources */ = {isa = PBXBuildFile; fileRef = 3CD8D87A1B3B2A57003AC334 /* Localizable.strings */; };
		3CD8D87D1B3B2ABE003AC334 /* AppDelegate.swift in Sources */ = {isa = PBXBuildFile; fileRef = 3CD8D87C1B3B2ABE003AC334 /* AppDelegate.swift */; };
		3CD8D8811B3B2E2A003AC334 /* ExerciseTimerView.swift in Sources */ = {isa = PBXBuildFile; fileRef = 3CD8D8801B3B2E2A003AC334 /* ExerciseTimerView.swift */; };
		3CE6B5A51B3DBF880030187A /* InputTableViewCell.swift in Sources */ = {isa = PBXBuildFile; fileRef = 3CE6B5A41B3DBF880030187A /* InputTableViewCell.swift */; };
		BEF69D83D60A254B6A85C4BC /* Pods.framework in Frameworks */ = {isa = PBXBuildFile; fileRef = 402A6B9E56E4ED2E9D799EB2 /* Pods.framework */; settings = {ATTRIBUTES = (Weak, ); }; };
/* End PBXBuildFile section */

/* Begin PBXFileReference section */
		3C0284441BA3032C009404A2 /* Storage.xcdatamodel */ = {isa = PBXFileReference; lastKnownFileType = wrapper.xcdatamodel; path = Storage.xcdatamodel; sourceTree = "<group>"; };
		3C0284471BA30359009404A2 /* CoreData.swift */ = {isa = PBXFileReference; fileEncoding = 4; lastKnownFileType = sourcecode.swift; path = CoreData.swift; sourceTree = "<group>"; };
		3C0284491BA30999009404A2 /* Training+CoreDataProperties.swift */ = {isa = PBXFileReference; fileEncoding = 4; lastKnownFileType = sourcecode.swift; path = "Training+CoreDataProperties.swift"; sourceTree = "<group>"; };
		3C02844A1BA30999009404A2 /* Training.swift */ = {isa = PBXFileReference; fileEncoding = 4; lastKnownFileType = sourcecode.swift; path = Training.swift; sourceTree = "<group>"; };
		3C02844B1BA30999009404A2 /* TrainingManager+CoreDataProperties.swift */ = {isa = PBXFileReference; fileEncoding = 4; lastKnownFileType = sourcecode.swift; path = "TrainingManager+CoreDataProperties.swift"; sourceTree = "<group>"; };
		3C02844C1BA30999009404A2 /* TrainingManager.swift */ = {isa = PBXFileReference; fileEncoding = 4; lastKnownFileType = sourcecode.swift; path = TrainingManager.swift; sourceTree = "<group>"; };
		3C02844D1BA30999009404A2 /* Exercise+CoreDataProperties.swift */ = {isa = PBXFileReference; fileEncoding = 4; lastKnownFileType = sourcecode.swift; path = "Exercise+CoreDataProperties.swift"; sourceTree = "<group>"; };
		3C02844E1BA30999009404A2 /* Exercise.swift */ = {isa = PBXFileReference; fileEncoding = 4; lastKnownFileType = sourcecode.swift; path = Exercise.swift; sourceTree = "<group>"; };
		3C0284551BA311B6009404A2 /* MainTableViewController.swift */ = {isa = PBXFileReference; fileEncoding = 4; lastKnownFileType = sourcecode.swift; name = MainTableViewController.swift; path = ViewControllers/MainTableViewController.swift; sourceTree = "<group>"; };
		3C0284571BA311C2009404A2 /* TrainingTableViewController.swift */ = {isa = PBXFileReference; fileEncoding = 4; lastKnownFileType = sourcecode.swift; name = TrainingTableViewController.swift; path = ViewControllers/TrainingTableViewController.swift; sourceTree = "<group>"; };
		3C0284591BA311D1009404A2 /* ExerciseTableViewController.swift */ = {isa = PBXFileReference; fileEncoding = 4; lastKnownFileType = sourcecode.swift; name = ExerciseTableViewController.swift; path = ViewControllers/ExerciseTableViewController.swift; sourceTree = "<group>"; };
		3C02845B1BA318E3009404A2 /* CoreDataHelper.swift */ = {isa = PBXFileReference; fileEncoding = 4; lastKnownFileType = sourcecode.swift; path = CoreDataHelper.swift; sourceTree = "<group>"; };
		3C02845D1BA3287C009404A2 /* String+Localization.swift */ = {isa = PBXFileReference; fileEncoding = 4; lastKnownFileType = sourcecode.swift; name = "String+Localization.swift"; path = "Core/String+Localization.swift"; sourceTree = "<group>"; };
		3C1B35DB1BA432A700DE4238 /* ActiveTraining+CoreDataProperties.swift */ = {isa = PBXFileReference; fileEncoding = 4; lastKnownFileType = sourcecode.swift; path = "ActiveTraining+CoreDataProperties.swift"; sourceTree = "<group>"; };
		3C1B35DC1BA432A700DE4238 /* ActiveTraining.swift */ = {isa = PBXFileReference; fileEncoding = 4; lastKnownFileType = sourcecode.swift; path = ActiveTraining.swift; sourceTree = "<group>"; };
		3C1B35DF1BA436AA00DE4238 /* NSOrdererdSet+Mutate.swift */ = {isa = PBXFileReference; fileEncoding = 4; lastKnownFileType = sourcecode.swift; name = "NSOrdererdSet+Mutate.swift"; path = "Core/NSOrdererdSet+Mutate.swift"; sourceTree = "<group>"; };
		3C1B35E31BA43F7500DE4238 /* PrepareViewController.swift */ = {isa = PBXFileReference; fileEncoding = 4; lastKnownFileType = sourcecode.swift; name = PrepareViewController.swift; path = ViewControllers/PrepareViewController.swift; sourceTree = "<group>"; };
		3C1B35E71BA45F4900DE4238 /* PracticeViewController.swift */ = {isa = PBXFileReference; fileEncoding = 4; lastKnownFileType = sourcecode.swift; name = PracticeViewController.swift; path = ViewControllers/PracticeViewController.swift; sourceTree = "<group>"; };
		3C1B35E91BA460CB00DE4238 /* ActiveTrainingController.swift */ = {isa = PBXFileReference; fileEncoding = 4; lastKnownFileType = sourcecode.swift; name = ActiveTrainingController.swift; path = Core/ActiveTrainingController.swift; sourceTree = "<group>"; };
		3C1B35ED1BA467BB00DE4238 /* ActiveTrainingChildViewController.swift */ = {isa = PBXFileReference; fileEncoding = 4; lastKnownFileType = sourcecode.swift; name = ActiveTrainingChildViewController.swift; path = ViewControllers/ActiveTrainingChildViewController.swift; sourceTree = "<group>"; };
		3C1B35EF1BA4C8A200DE4238 /* Speaker.swift */ = {isa = PBXFileReference; fileEncoding = 4; lastKnownFileType = sourcecode.swift; name = Speaker.swift; path = Core/Speaker.swift; sourceTree = "<group>"; };
		3CCDAC701B3B3B7C00400C1F /* de */ = {isa = PBXFileReference; lastKnownFileType = text.plist.strings; name = de; path = de.lproj/Localizable.strings; sourceTree = "<group>"; };
		3CD89B741BA586B20057F048 /* Health.swift */ = {isa = PBXFileReference; fileEncoding = 4; lastKnownFileType = sourcecode.swift; name = Health.swift; path = Core/Health.swift; sourceTree = "<group>"; };
		3CD89B771BA5AE4C0057F048 /* de */ = {isa = PBXFileReference; lastKnownFileType = file.storyboard; name = de; path = de.lproj/Main.storyboard; sourceTree = "<group>"; };
		3CD8D82A1B3AFBDB003AC334 /* Fitness.app */ = {isa = PBXFileReference; explicitFileType = wrapper.application; includeInIndex = 0; path = Fitness.app; sourceTree = BUILT_PRODUCTS_DIR; };
		3CD8D82E1B3AFBDB003AC334 /* Info.plist */ = {isa = PBXFileReference; lastKnownFileType = text.plist.xml; path = Info.plist; sourceTree = "<group>"; };
		3CD8D8361B3AFBDB003AC334 /* Images.xcassets */ = {isa = PBXFileReference; lastKnownFileType = folder.assetcatalog; path = Images.xcassets; sourceTree = "<group>"; };
		3CD8D8391B3AFBDB003AC334 /* Base */ = {isa = PBXFileReference; lastKnownFileType = file.xib; name = Base; path = Base.lproj/LaunchScreen.xib; sourceTree = "<group>"; };
		3CD8D86B1B3B2954003AC334 /* Fitness.entitlements */ = {isa = PBXFileReference; lastKnownFileType = text.xml; path = Fitness.entitlements; sourceTree = "<group>"; };
		3CD8D86C1B3B2954003AC334 /* HealthKit.framework */ = {isa = PBXFileReference; lastKnownFileType = wrapper.framework; name = HealthKit.framework; path = System/Library/Frameworks/HealthKit.framework; sourceTree = SDKROOT; };
		3CD8D86E1B3B295B003AC334 /* AudioToolbox.framework */ = {isa = PBXFileReference; lastKnownFileType = wrapper.framework; name = AudioToolbox.framework; path = System/Library/Frameworks/AudioToolbox.framework; sourceTree = SDKROOT; };
		3CD8D8721B3B299B003AC334 /* Base */ = {isa = PBXFileReference; lastKnownFileType = file.storyboard; name = Base; path = Base.lproj/Main.storyboard; sourceTree = "<group>"; };
		3CD8D8791B3B2A57003AC334 /* Base */ = {isa = PBXFileReference; lastKnownFileType = text.plist.strings; name = Base; path = Base.lproj/Localizable.strings; sourceTree = "<group>"; };
		3CD8D87C1B3B2ABE003AC334 /* AppDelegate.swift */ = {isa = PBXFileReference; fileEncoding = 4; lastKnownFileType = sourcecode.swift; name = AppDelegate.swift; path = Core/AppDelegate.swift; sourceTree = "<group>"; };
		3CD8D8801B3B2E2A003AC334 /* ExerciseTimerView.swift */ = {isa = PBXFileReference; fileEncoding = 4; lastKnownFileType = sourcecode.swift; name = ExerciseTimerView.swift; path = Views/ExerciseTimerView.swift; sourceTree = "<group>"; };
		3CE6B5A41B3DBF880030187A /* InputTableViewCell.swift */ = {isa = PBXFileReference; fileEncoding = 4; lastKnownFileType = sourcecode.swift; name = InputTableViewCell.swift; path = Views/InputTableViewCell.swift; sourceTree = "<group>"; };
		3CE6B6111B3DD04D0030187A /* ObjCBridge.h */ = {isa = PBXFileReference; lastKnownFileType = sourcecode.c.h; path = ObjCBridge.h; sourceTree = "<group>"; };
		402A6B9E56E4ED2E9D799EB2 /* Pods.framework */ = {isa = PBXFileReference; explicitFileType = wrapper.framework; includeInIndex = 0; path = Pods.framework; sourceTree = BUILT_PRODUCTS_DIR; };
		AA8EAFE9E3BB183251DCBD0E /* Pods.release.xcconfig */ = {isa = PBXFileReference; includeInIndex = 1; lastKnownFileType = text.xcconfig; name = Pods.release.xcconfig; path = "Pods/Target Support Files/Pods/Pods.release.xcconfig"; sourceTree = "<group>"; };
		EF90BD8C114533B9D2EFC9BF /* Pods.debug.xcconfig */ = {isa = PBXFileReference; includeInIndex = 1; lastKnownFileType = text.xcconfig; name = Pods.debug.xcconfig; path = "Pods/Target Support Files/Pods/Pods.debug.xcconfig"; sourceTree = "<group>"; };
/* End PBXFileReference section */

/* Begin PBXFrameworksBuildPhase section */
		3CD8D8271B3AFBDB003AC334 /* Frameworks */ = {
			isa = PBXFrameworksBuildPhase;
			buildActionMask = 2147483647;
			files = (
				3CD8D86D1B3B2954003AC334 /* HealthKit.framework in Frameworks */,
				3CD8D86F1B3B295B003AC334 /* AudioToolbox.framework in Frameworks */,
				BEF69D83D60A254B6A85C4BC /* Pods.framework in Frameworks */,
			);
			runOnlyForDeploymentPostprocessing = 0;
		};
/* End PBXFrameworksBuildPhase section */

/* Begin PBXGroup section */
		3C0284411BA30310009404A2 /* CoreData */ = {
			isa = PBXGroup;
			children = (
				3C0284421BA30310009404A2 /* Entities */,
				3C0284431BA3032C009404A2 /* Storage.xcdatamodeld */,
				3C0284471BA30359009404A2 /* CoreData.swift */,
				3C02845B1BA318E3009404A2 /* CoreDataHelper.swift */,
			);
			name = CoreData;
			path = Core/CoreData;
			sourceTree = "<group>";
		};
		3C0284421BA30310009404A2 /* Entities */ = {
			isa = PBXGroup;
			children = (
				3C0284491BA30999009404A2 /* Training+CoreDataProperties.swift */,
				3C02844A1BA30999009404A2 /* Training.swift */,
				3C02844B1BA30999009404A2 /* TrainingManager+CoreDataProperties.swift */,
				3C02844C1BA30999009404A2 /* TrainingManager.swift */,
				3C02844D1BA30999009404A2 /* Exercise+CoreDataProperties.swift */,
				3C02844E1BA30999009404A2 /* Exercise.swift */,
				3C1B35DB1BA432A700DE4238 /* ActiveTraining+CoreDataProperties.swift */,
				3C1B35DC1BA432A700DE4238 /* ActiveTraining.swift */,
			);
			path = Entities;
			sourceTree = "<group>";
		};
		3CD8D8211B3AFBDB003AC334 = {
			isa = PBXGroup;
			children = (
				3CE6B6111B3DD04D0030187A /* ObjCBridge.h */,
				3CD8D86E1B3B295B003AC334 /* AudioToolbox.framework */,
				3CD8D86C1B3B2954003AC334 /* HealthKit.framework */,
				3CD8D82C1B3AFBDB003AC334 /* Fitness */,
				3CD8D82B1B3AFBDB003AC334 /* Products */,
				F7D547C5155AC0DFA681B24C /* Pods */,
				98A17009FD17E3588CD458A2 /* Frameworks */,
			);
			sourceTree = "<group>";
		};
		3CD8D82B1B3AFBDB003AC334 /* Products */ = {
			isa = PBXGroup;
			children = (
				3CD8D82A1B3AFBDB003AC334 /* Fitness.app */,
			);
			name = Products;
			sourceTree = "<group>";
		};
		3CD8D82C1B3AFBDB003AC334 /* Fitness */ = {
			isa = PBXGroup;
			children = (
				3CD8D87B1B3B2A84003AC334 /* Core */,
				3CD8D8701B3B298D003AC334 /* Storyboards */,
				3CD8D85E1B3B28CB003AC334 /* Views */,
				3CD8D85D1B3B28BF003AC334 /* ViewControllers */,
				3CD8D82D1B3AFBDB003AC334 /* Supporting Files */,
			);
			path = Fitness;
			sourceTree = "<group>";
		};
		3CD8D82D1B3AFBDB003AC334 /* Supporting Files */ = {
			isa = PBXGroup;
			children = (
				3CD8D86B1B3B2954003AC334 /* Fitness.entitlements */,
				3CD8D87A1B3B2A57003AC334 /* Localizable.strings */,
				3CD8D8361B3AFBDB003AC334 /* Images.xcassets */,
				3CD8D82E1B3AFBDB003AC334 /* Info.plist */,
			);
			name = "Supporting Files";
			sourceTree = "<group>";
		};
		3CD8D85D1B3B28BF003AC334 /* ViewControllers */ = {
			isa = PBXGroup;
			children = (
				3C0284551BA311B6009404A2 /* MainTableViewController.swift */,
				3C0284571BA311C2009404A2 /* TrainingTableViewController.swift */,
				3C0284591BA311D1009404A2 /* ExerciseTableViewController.swift */,
				3C1B35E31BA43F7500DE4238 /* PrepareViewController.swift */,
				3C1B35E71BA45F4900DE4238 /* PracticeViewController.swift */,
				3C1B35ED1BA467BB00DE4238 /* ActiveTrainingChildViewController.swift */,
			);
			name = ViewControllers;
			sourceTree = "<group>";
		};
		3CD8D85E1B3B28CB003AC334 /* Views */ = {
			isa = PBXGroup;
			children = (
				3CD8D8801B3B2E2A003AC334 /* ExerciseTimerView.swift */,
				3CE6B5A41B3DBF880030187A /* InputTableViewCell.swift */,
			);
			name = Views;
			sourceTree = "<group>";
		};
		3CD8D8701B3B298D003AC334 /* Storyboards */ = {
			isa = PBXGroup;
			children = (
				3CD8D8711B3B299B003AC334 /* Main.storyboard */,
				3CD8D8381B3AFBDB003AC334 /* LaunchScreen.xib */,
			);
			name = Storyboards;
			sourceTree = "<group>";
		};
		3CD8D87B1B3B2A84003AC334 /* Core */ = {
			isa = PBXGroup;
			children = (
				3C0284411BA30310009404A2 /* CoreData */,
				3CD8D87C1B3B2ABE003AC334 /* AppDelegate.swift */,
				3C02845D1BA3287C009404A2 /* String+Localization.swift */,
				3C1B35DF1BA436AA00DE4238 /* NSOrdererdSet+Mutate.swift */,
				3C1B35E91BA460CB00DE4238 /* ActiveTrainingController.swift */,
				3C1B35EF1BA4C8A200DE4238 /* Speaker.swift */,
				3CD89B741BA586B20057F048 /* Health.swift */,
			);
			name = Core;
			sourceTree = "<group>";
		};
		98A17009FD17E3588CD458A2 /* Frameworks */ = {
			isa = PBXGroup;
			children = (
				402A6B9E56E4ED2E9D799EB2 /* Pods.framework */,
			);
			name = Frameworks;
			sourceTree = "<group>";
		};
		F7D547C5155AC0DFA681B24C /* Pods */ = {
			isa = PBXGroup;
			children = (
				EF90BD8C114533B9D2EFC9BF /* Pods.debug.xcconfig */,
				AA8EAFE9E3BB183251DCBD0E /* Pods.release.xcconfig */,
			);
			name = Pods;
			sourceTree = "<group>";
		};
/* End PBXGroup section */

/* Begin PBXNativeTarget section */
		3CD8D8291B3AFBDB003AC334 /* Fitness */ = {
			isa = PBXNativeTarget;
			buildConfigurationList = 3CD8D8491B3AFBDB003AC334 /* Build configuration list for PBXNativeTarget "Fitness" */;
			buildPhases = (
				4F74795129FA18DE79F217E9 /* Check Pods Manifest.lock */,
				3CD8D8261B3AFBDB003AC334 /* Sources */,
				3CD8D8271B3AFBDB003AC334 /* Frameworks */,
				3CD8D8281B3AFBDB003AC334 /* Resources */,
				9438B8B248B2005A80A3287F /* Embed Pods Frameworks */,
				A617CE6D17CA50BBBD47ED62 /* Copy Pods Resources */,
			);
			buildRules = (
			);
			dependencies = (
			);
			name = Fitness;
			productName = Fitness;
			productReference = 3CD8D82A1B3AFBDB003AC334 /* Fitness.app */;
			productType = "com.apple.product-type.application";
		};
/* End PBXNativeTarget section */

/* Begin PBXProject section */
		3CD8D8221B3AFBDB003AC334 /* Project object */ = {
			isa = PBXProject;
			attributes = {
				LastSwiftMigration = 0700;
				LastSwiftUpdateCheck = 0700;
				LastUpgradeCheck = 0700;
				ORGANIZATIONNAME = mani1337;
				TargetAttributes = {
					3CD8D8291B3AFBDB003AC334 = {
						CreatedOnToolsVersion = 6.3.2;
						DevelopmentTeam = PZP46GS9KE;
						SystemCapabilities = {
							com.apple.ApplicationGroups.iOS = {
								enabled = 1;
							};
							com.apple.BackgroundModes = {
								enabled = 1;
							};
							com.apple.HealthKit = {
								enabled = 1;
							};
							com.apple.InterAppAudio = {
								enabled = 1;
							};
						};
					};
				};
			};
			buildConfigurationList = 3CD8D8251B3AFBDB003AC334 /* Build configuration list for PBXProject "Fitness" */;
			compatibilityVersion = "Xcode 3.2";
			developmentRegion = English;
			hasScannedForEncodings = 0;
			knownRegions = (
				en,
				Base,
				de,
			);
			mainGroup = 3CD8D8211B3AFBDB003AC334;
			productRefGroup = 3CD8D82B1B3AFBDB003AC334 /* Products */;
			projectDirPath = "";
			projectRoot = "";
			targets = (
				3CD8D8291B3AFBDB003AC334 /* Fitness */,
			);
		};
/* End PBXProject section */

/* Begin PBXResourcesBuildPhase section */
		3CD8D8281B3AFBDB003AC334 /* Resources */ = {
			isa = PBXResourcesBuildPhase;
			buildActionMask = 2147483647;
			files = (
				3CD8D8731B3B299B003AC334 /* Main.storyboard in Resources */,
				3CD8D8781B3B2A57003AC334 /* Localizable.strings in Resources */,
				3CD8D83A1B3AFBDB003AC334 /* LaunchScreen.xib in Resources */,
				3CD8D8371B3AFBDB003AC334 /* Images.xcassets in Resources */,
			);
			runOnlyForDeploymentPostprocessing = 0;
		};
/* End PBXResourcesBuildPhase section */

/* Begin PBXShellScriptBuildPhase section */
		4F74795129FA18DE79F217E9 /* Check Pods Manifest.lock */ = {
			isa = PBXShellScriptBuildPhase;
			buildActionMask = 2147483647;
			files = (
			);
			inputPaths = (
			);
			name = "Check Pods Manifest.lock";
			outputPaths = (
			);
			runOnlyForDeploymentPostprocessing = 0;
			shellPath = /bin/sh;
			shellScript = "diff \"${PODS_ROOT}/../Podfile.lock\" \"${PODS_ROOT}/Manifest.lock\" > /dev/null\nif [[ $? != 0 ]] ; then\n    cat << EOM\nerror: The sandbox is not in sync with the Podfile.lock. Run 'pod install' or update your CocoaPods installation.\nEOM\n    exit 1\nfi\n";
			showEnvVarsInLog = 0;
		};
		9438B8B248B2005A80A3287F /* Embed Pods Frameworks */ = {
			isa = PBXShellScriptBuildPhase;
			buildActionMask = 2147483647;
			files = (
			);
			inputPaths = (
			);
			name = "Embed Pods Frameworks";
			outputPaths = (
			);
			runOnlyForDeploymentPostprocessing = 0;
			shellPath = /bin/sh;
			shellScript = "\"${SRCROOT}/Pods/Target Support Files/Pods/Pods-frameworks.sh\"\n";
			showEnvVarsInLog = 0;
		};
		A617CE6D17CA50BBBD47ED62 /* Copy Pods Resources */ = {
			isa = PBXShellScriptBuildPhase;
			buildActionMask = 2147483647;
			files = (
			);
			inputPaths = (
			);
			name = "Copy Pods Resources";
			outputPaths = (
			);
			runOnlyForDeploymentPostprocessing = 0;
			shellPath = /bin/sh;
			shellScript = "\"${SRCROOT}/Pods/Target Support Files/Pods/Pods-resources.sh\"\n";
			showEnvVarsInLog = 0;
		};
/* End PBXShellScriptBuildPhase section */

/* Begin PBXSourcesBuildPhase section */
		3CD8D8261B3AFBDB003AC334 /* Sources */ = {
			isa = PBXSourcesBuildPhase;
			buildActionMask = 2147483647;
			files = (
				3C02845C1BA318E3009404A2 /* CoreDataHelper.swift in Sources */,
				3CD8D87D1B3B2ABE003AC334 /* AppDelegate.swift in Sources */,
				3C0284481BA30359009404A2 /* CoreData.swift in Sources */,
				3C0284511BA30999009404A2 /* TrainingManager+CoreDataProperties.swift in Sources */,
				3C02844F1BA30999009404A2 /* Training+CoreDataProperties.swift in Sources */,
				3C0284561BA311B6009404A2 /* MainTableViewController.swift in Sources */,
				3C0284581BA311C2009404A2 /* TrainingTableViewController.swift in Sources */,
				3CD89B751BA586B20057F048 /* Health.swift in Sources */,
				3C0284521BA30999009404A2 /* TrainingManager.swift in Sources */,
				3CD8D8811B3B2E2A003AC334 /* ExerciseTimerView.swift in Sources */,
				3C0284531BA30999009404A2 /* Exercise+CoreDataProperties.swift in Sources */,
				3C02845A1BA311D1009404A2 /* ExerciseTableViewController.swift in Sources */,
				3C1B35E81BA45F4900DE4238 /* PracticeViewController.swift in Sources */,
				3C1B35DE1BA432A700DE4238 /* ActiveTraining.swift in Sources */,
				3C1B35EE1BA467BB00DE4238 /* ActiveTrainingChildViewController.swift in Sources */,
				3C0284501BA30999009404A2 /* Training.swift in Sources */,
				3C1B35DD1BA432A700DE4238 /* ActiveTraining+CoreDataProperties.swift in Sources */,
				3C0284541BA30999009404A2 /* Exercise.swift in Sources */,
				3C1B35E01BA436AA00DE4238 /* NSOrdererdSet+Mutate.swift in Sources */,
				3C1B35F01BA4C8A200DE4238 /* Speaker.swift in Sources */,
				3C1B35EA1BA460CB00DE4238 /* ActiveTrainingController.swift in Sources */,
				3C1B35E41BA43F7500DE4238 /* PrepareViewController.swift in Sources */,
				3CE6B5A51B3DBF880030187A /* InputTableViewCell.swift in Sources */,
				3C0284451BA3032C009404A2 /* Storage.xcdatamodeld in Sources */,
				3C02845E1BA3287C009404A2 /* String+Localization.swift in Sources */,
			);
			runOnlyForDeploymentPostprocessing = 0;
		};
/* End PBXSourcesBuildPhase section */

/* Begin PBXVariantGroup section */
		3CD8D8381B3AFBDB003AC334 /* LaunchScreen.xib */ = {
			isa = PBXVariantGroup;
			children = (
				3CD8D8391B3AFBDB003AC334 /* Base */,
			);
			name = LaunchScreen.xib;
			sourceTree = "<group>";
		};
		3CD8D8711B3B299B003AC334 /* Main.storyboard */ = {
			isa = PBXVariantGroup;
			children = (
				3CD8D8721B3B299B003AC334 /* Base */,
				3CD89B771BA5AE4C0057F048 /* de */,
			);
			name = Main.storyboard;
			sourceTree = "<group>";
		};
		3CD8D87A1B3B2A57003AC334 /* Localizable.strings */ = {
			isa = PBXVariantGroup;
			children = (
				3CD8D8791B3B2A57003AC334 /* Base */,
				3CCDAC701B3B3B7C00400C1F /* de */,
			);
			name = Localizable.strings;
			sourceTree = "<group>";
		};
/* End PBXVariantGroup section */

/* Begin XCBuildConfiguration section */
		3CD8D8471B3AFBDB003AC334 /* Debug */ = {
			isa = XCBuildConfiguration;
			buildSettings = {
				ALWAYS_SEARCH_USER_PATHS = NO;
				CLANG_CXX_LANGUAGE_STANDARD = "gnu++0x";
				CLANG_CXX_LIBRARY = "libc++";
				CLANG_ENABLE_MODULES = YES;
				CLANG_ENABLE_OBJC_ARC = YES;
				CLANG_WARN_BOOL_CONVERSION = YES;
				CLANG_WARN_CONSTANT_CONVERSION = YES;
				CLANG_WARN_DIRECT_OBJC_ISA_USAGE = YES_ERROR;
				CLANG_WARN_EMPTY_BODY = YES;
				CLANG_WARN_ENUM_CONVERSION = YES;
				CLANG_WARN_INT_CONVERSION = YES;
				CLANG_WARN_OBJC_ROOT_CLASS = YES_ERROR;
				CLANG_WARN_UNREACHABLE_CODE = YES;
				CLANG_WARN__DUPLICATE_METHOD_MATCH = YES;
				"CODE_SIGN_IDENTITY[sdk=iphoneos*]" = "iPhone Developer";
				COPY_PHASE_STRIP = NO;
				DEBUG_INFORMATION_FORMAT = "dwarf-with-dsym";
				ENABLE_STRICT_OBJC_MSGSEND = YES;
				ENABLE_TESTABILITY = YES;
				GCC_C_LANGUAGE_STANDARD = gnu99;
				GCC_DYNAMIC_NO_PIC = NO;
				GCC_NO_COMMON_BLOCKS = YES;
				GCC_OPTIMIZATION_LEVEL = 0;
				GCC_PREPROCESSOR_DEFINITIONS = (
					"DEBUG=1",
					"$(inherited)",
				);
				GCC_SYMBOLS_PRIVATE_EXTERN = NO;
				GCC_WARN_64_TO_32_BIT_CONVERSION = YES;
				GCC_WARN_ABOUT_RETURN_TYPE = YES_ERROR;
				GCC_WARN_UNDECLARED_SELECTOR = YES;
				GCC_WARN_UNINITIALIZED_AUTOS = YES_AGGRESSIVE;
				GCC_WARN_UNUSED_FUNCTION = YES;
				GCC_WARN_UNUSED_VARIABLE = YES;
				IPHONEOS_DEPLOYMENT_TARGET = 9.3;
				MTL_ENABLE_DEBUG_INFO = YES;
				ONLY_ACTIVE_ARCH = YES;
				SDKROOT = iphoneos;
				SWIFT_OPTIMIZATION_LEVEL = "-Onone";
				TARGETED_DEVICE_FAMILY = "1,2";
			};
			name = Debug;
		};
		3CD8D8481B3AFBDB003AC334 /* Release */ = {
			isa = XCBuildConfiguration;
			buildSettings = {
				ALWAYS_SEARCH_USER_PATHS = NO;
				CLANG_CXX_LANGUAGE_STANDARD = "gnu++0x";
				CLANG_CXX_LIBRARY = "libc++";
				CLANG_ENABLE_MODULES = YES;
				CLANG_ENABLE_OBJC_ARC = YES;
				CLANG_WARN_BOOL_CONVERSION = YES;
				CLANG_WARN_CONSTANT_CONVERSION = YES;
				CLANG_WARN_DIRECT_OBJC_ISA_USAGE = YES_ERROR;
				CLANG_WARN_EMPTY_BODY = YES;
				CLANG_WARN_ENUM_CONVERSION = YES;
				CLANG_WARN_INT_CONVERSION = YES;
				CLANG_WARN_OBJC_ROOT_CLASS = YES_ERROR;
				CLANG_WARN_UNREACHABLE_CODE = YES;
				CLANG_WARN__DUPLICATE_METHOD_MATCH = YES;
				"CODE_SIGN_IDENTITY[sdk=iphoneos*]" = "iPhone Developer";
				COPY_PHASE_STRIP = NO;
				DEBUG_INFORMATION_FORMAT = "dwarf-with-dsym";
				ENABLE_NS_ASSERTIONS = NO;
				ENABLE_STRICT_OBJC_MSGSEND = YES;
				GCC_C_LANGUAGE_STANDARD = gnu99;
				GCC_NO_COMMON_BLOCKS = YES;
				GCC_WARN_64_TO_32_BIT_CONVERSION = YES;
				GCC_WARN_ABOUT_RETURN_TYPE = YES_ERROR;
				GCC_WARN_UNDECLARED_SELECTOR = YES;
				GCC_WARN_UNINITIALIZED_AUTOS = YES_AGGRESSIVE;
				GCC_WARN_UNUSED_FUNCTION = YES;
				GCC_WARN_UNUSED_VARIABLE = YES;
				IPHONEOS_DEPLOYMENT_TARGET = 9.3;
				MTL_ENABLE_DEBUG_INFO = NO;
				SDKROOT = iphoneos;
				TARGETED_DEVICE_FAMILY = "1,2";
				VALIDATE_PRODUCT = YES;
			};
			name = Release;
		};
		3CD8D84A1B3AFBDB003AC334 /* Debug */ = {
			isa = XCBuildConfiguration;
			baseConfigurationReference = EF90BD8C114533B9D2EFC9BF /* Pods.debug.xcconfig */;
			buildSettings = {
				ASSETCATALOG_COMPILER_APPICON_NAME = AppIcon;
				CODE_SIGN_ENTITLEMENTS = Fitness/Fitness.entitlements;
				CODE_SIGN_IDENTITY = "iPhone Developer";
				"CODE_SIGN_IDENTITY[sdk=iphoneos*]" = "iPhone Developer";
				INFOPLIST_FILE = Fitness/Info.plist;
				LD_RUNPATH_SEARCH_PATHS = "$(inherited) @executable_path/Frameworks";
				PRODUCT_BUNDLE_IDENTIFIER = "at.mani1337.$(PRODUCT_NAME:rfc1034identifier)";
				PRODUCT_NAME = "$(TARGET_NAME)";
				PROVISIONING_PROFILE = "";
				SWIFT_OBJC_BRIDGING_HEADER = ObjCBridge.h;
				TARGETED_DEVICE_FAMILY = 1;
			};
			name = Debug;
		};
		3CD8D84B1B3AFBDB003AC334 /* Release */ = {
			isa = XCBuildConfiguration;
			baseConfigurationReference = AA8EAFE9E3BB183251DCBD0E /* Pods.release.xcconfig */;
			buildSettings = {
				ASSETCATALOG_COMPILER_APPICON_NAME = AppIcon;
				CODE_SIGN_ENTITLEMENTS = Fitness/Fitness.entitlements;
				CODE_SIGN_IDENTITY = "iPhone Developer";
				"CODE_SIGN_IDENTITY[sdk=iphoneos*]" = "iPhone Developer";
				INFOPLIST_FILE = Fitness/Info.plist;
				LD_RUNPATH_SEARCH_PATHS = "$(inherited) @executable_path/Frameworks";
				PRODUCT_BUNDLE_IDENTIFIER = "at.mani1337.$(PRODUCT_NAME:rfc1034identifier)";
				PRODUCT_NAME = "$(TARGET_NAME)";
				PROVISIONING_PROFILE = "";
				SWIFT_OBJC_BRIDGING_HEADER = ObjCBridge.h;
				TARGETED_DEVICE_FAMILY = 1;
			};
			name = Release;
		};
/* End XCBuildConfiguration section */

/* Begin XCConfigurationList section */
		3CD8D8251B3AFBDB003AC334 /* Build configuration list for PBXProject "Fitness" */ = {
			isa = XCConfigurationList;
			buildConfigurations = (
				3CD8D8471B3AFBDB003AC334 /* Debug */,
				3CD8D8481B3AFBDB003AC334 /* Release */,
			);
			defaultConfigurationIsVisible = 0;
			defaultConfigurationName = Release;
		};
		3CD8D8491B3AFBDB003AC334 /* Build configuration list for PBXNativeTarget "Fitness" */ = {
			isa = XCConfigurationList;
			buildConfigurations = (
				3CD8D84A1B3AFBDB003AC334 /* Debug */,
				3CD8D84B1B3AFBDB003AC334 /* Release */,
			);
			defaultConfigurationIsVisible = 0;
			defaultConfigurationName = Release;
		};
/* End XCConfigurationList section */

/* Begin XCVersionGroup section */
		3C0284431BA3032C009404A2 /* Storage.xcdatamodeld */ = {
			isa = XCVersionGroup;
			children = (
				3C0284441BA3032C009404A2 /* Storage.xcdatamodel */,
			);
			currentVersion = 3C0284441BA3032C009404A2 /* Storage.xcdatamodel */;
			path = Storage.xcdatamodeld;
			sourceTree = "<group>";
			versionGroupType = wrapper.xcdatamodel;
		};
/* End XCVersionGroup section */
	};
	rootObject = 3CD8D8221B3AFBDB003AC334 /* Project object */;
}
